
Microsoft Visual Studio Solution File, Format Version 12.00
# Visual Studio 15
VisualStudioVersion = 15.0.28010.2026
MinimumVisualStudioVersion = 10.0.40219.1
Project("{FAE04EC0-301F-11D3-BF4B-00C04F79EFBC}") = "CCBC-Refactor1", "CCBC-Refactor1\CCBC-Refactor1.csproj", "{57F68D61-0CDC-40F2-A1D8-2E0EB4FC84BE}"
EndProject
Global
	GlobalSection(SolutionConfigurationPlatforms) = preSolution
		Debug|Any CPU = Debug|Any CPU
		Release|Any CPU = Release|Any CPU
	EndGlobalSection
	GlobalSection(ProjectConfigurationPlatforms) = postSolution
		{57F68D61-0CDC-40F2-A1D8-2E0EB4FC84BE}.Debug|Any CPU.ActiveCfg = Debug|Any CPU
		{57F68D61-0CDC-40F2-A1D8-2E0EB4FC84BE}.Debug|Any CPU.Build.0 = Debug|Any CPU
		{57F68D61-0CDC-40F2-A1D8-2E0EB4FC84BE}.Release|Any CPU.ActiveCfg = Release|Any CPU
		{57F68D61-0CDC-40F2-A1D8-2E0EB4FC84BE}.Release|Any CPU.Build.0 = Release|Any CPU
	EndGlobalSection
	GlobalSection(SolutionProperties) = preSolution
		HideSolutionNode = FALSE
	EndGlobalSection
	GlobalSection(ExtensibilityGlobals) = postSolution
		SolutionGuid = {6EF1336C-3D3A-495F-B2FA-1C22B8A0E196}
	EndGlobalSection
EndGlobal
